
Microsoft Visual Studio Solution File, Format Version 12.00
# Visual Studio Version 17
VisualStudioVersion = 17.5.33530.505
MinimumVisualStudioVersion = 10.0.40219.1
Project("{FAE04EC0-301F-11D3-BF4B-00C04F79EFBC}") = "Sistema_De_Pedidos", "Sistema_De_Pedidos\Sistema_De_Pedidos.csproj", "{2E11A808-339D-4ABB-BBE8-30D7A84578DF}"
EndProject
Global
	GlobalSection(SolutionConfigurationPlatforms) = preSolution
		Debug|Any CPU = Debug|Any CPU
		Release|Any CPU = Release|Any CPU
	EndGlobalSection
	GlobalSection(ProjectConfigurationPlatforms) = postSolution
		{2E11A808-339D-4ABB-BBE8-30D7A84578DF}.Debug|Any CPU.ActiveCfg = Debug|Any CPU
		{2E11A808-339D-4ABB-BBE8-30D7A84578DF}.Debug|Any CPU.Build.0 = Debug|Any CPU
		{2E11A808-339D-4ABB-BBE8-30D7A84578DF}.Release|Any CPU.ActiveCfg = Release|Any CPU
		{2E11A808-339D-4ABB-BBE8-30D7A84578DF}.Release|Any CPU.Build.0 = Release|Any CPU
	EndGlobalSection
	GlobalSection(SolutionProperties) = preSolution
		HideSolutionNode = FALSE
	EndGlobalSection
	GlobalSection(ExtensibilityGlobals) = postSolution
		SolutionGuid = {DAAB12E9-633B-465B-A3C1-730DFDC9A7F8}
	EndGlobalSection
EndGlobal
